
Microsoft Visual Studio Solution File, Format Version 12.00
# Visual Studio Version 16
VisualStudioVersion = 25.0.1700.7
MinimumVisualStudioVersion = 10.0.40219.1
Project("{FAE04EC0-301F-11D3-BF4B-00C04F79EFBC}") = "custo-mercadorias", "custo-mercadorias\custo-mercadorias.csproj", "{BB2E2F23-18F2-4E13-B641-FE20E12753E3}"
EndProject
Global
	GlobalSection(SolutionConfigurationPlatforms) = preSolution
		Debug|Any CPU = Debug|Any CPU
		Release|Any CPU = Release|Any CPU
	EndGlobalSection
	GlobalSection(ProjectConfigurationPlatforms) = postSolution
		{BB2E2F23-18F2-4E13-B641-FE20E12753E3}.Debug|Any CPU.ActiveCfg = Debug|Any CPU
		{BB2E2F23-18F2-4E13-B641-FE20E12753E3}.Debug|Any CPU.Build.0 = Debug|Any CPU
		{BB2E2F23-18F2-4E13-B641-FE20E12753E3}.Release|Any CPU.ActiveCfg = Release|Any CPU
		{BB2E2F23-18F2-4E13-B641-FE20E12753E3}.Release|Any CPU.Build.0 = Release|Any CPU
	EndGlobalSection
	GlobalSection(SolutionProperties) = preSolution
		HideSolutionNode = FALSE
	EndGlobalSection
	GlobalSection(ExtensibilityGlobals) = postSolution
		SolutionGuid = {28946E5C-FD56-409A-999D-8D41F8DFFAD5}
	EndGlobalSection
EndGlobal
